
Microsoft Visual Studio Solution File, Format Version 12.00
# Visual Studio Version 17
VisualStudioVersion = 17.5.33502.453
MinimumVisualStudioVersion = 10.0.40219.1
Project("{FAE04EC0-301F-11D3-BF4B-00C04F79EFBC}") = "SQLSRV_OnOff", "SQLSRV_OnOff.csproj", "{93B3925E-6160-4913-A146-6A1A167F1967}"
EndProject
Global
	GlobalSection(SolutionConfigurationPlatforms) = preSolution
		Debug|Any CPU = Debug|Any CPU
		Release|Any CPU = Release|Any CPU
	EndGlobalSection
	GlobalSection(ProjectConfigurationPlatforms) = postSolution
		{93B3925E-6160-4913-A146-6A1A167F1967}.Debug|Any CPU.ActiveCfg = Debug|Any CPU
		{93B3925E-6160-4913-A146-6A1A167F1967}.Debug|Any CPU.Build.0 = Debug|Any CPU
		{93B3925E-6160-4913-A146-6A1A167F1967}.Release|Any CPU.ActiveCfg = Release|Any CPU
		{93B3925E-6160-4913-A146-6A1A167F1967}.Release|Any CPU.Build.0 = Release|Any CPU
	EndGlobalSection
	GlobalSection(SolutionProperties) = preSolution
		HideSolutionNode = FALSE
	EndGlobalSection
	GlobalSection(ExtensibilityGlobals) = postSolution
		SolutionGuid = {42B52BD7-5F1D-41E9-A1DB-B237A95095A2}
	EndGlobalSection
EndGlobal
